
Microsoft Visual Studio Solution File, Format Version 12.00
# Visual Studio Version 17
VisualStudioVersion = 17.8.34511.84
MinimumVisualStudioVersion = 10.0.40219.1
Project("{FAE04EC0-301F-11D3-BF4B-00C04F79EFBC}") = "MatrizesQuadrada", "MatrizesQuadrada\MatrizesQuadrada.csproj", "{77B5C22C-0DFD-4A01-87B2-AD9E01D26FC0}"
EndProject
Global
	GlobalSection(SolutionConfigurationPlatforms) = preSolution
		Debug|Any CPU = Debug|Any CPU
		Release|Any CPU = Release|Any CPU
	EndGlobalSection
	GlobalSection(ProjectConfigurationPlatforms) = postSolution
		{77B5C22C-0DFD-4A01-87B2-AD9E01D26FC0}.Debug|Any CPU.ActiveCfg = Debug|Any CPU
		{77B5C22C-0DFD-4A01-87B2-AD9E01D26FC0}.Debug|Any CPU.Build.0 = Debug|Any CPU
		{77B5C22C-0DFD-4A01-87B2-AD9E01D26FC0}.Release|Any CPU.ActiveCfg = Release|Any CPU
		{77B5C22C-0DFD-4A01-87B2-AD9E01D26FC0}.Release|Any CPU.Build.0 = Release|Any CPU
	EndGlobalSection
	GlobalSection(SolutionProperties) = preSolution
		HideSolutionNode = FALSE
	EndGlobalSection
	GlobalSection(ExtensibilityGlobals) = postSolution
		SolutionGuid = {A237D056-5250-4E9F-8040-1FE55121CE12}
	EndGlobalSection
EndGlobal
